{
  "meteor": {},
  "dependencies": {
    "basePackages": {
      "iron-router": {},
      "roles": {},
      "autocompletion": {},
      "spin": {},
      "toastjs": {},
      "iron-router-progress": {},
      "bootstrap-3": {},
      "chartjs": {},
      "accounts-ui-bootstrap-3-blaze": {
        "git": "https://github.com/MatthiasEckhart/meteor-accounts-ui-bootstrap-3.git",
        "branch": "master"
      },
      "selenium-nightwatch": {
        "path": "packages/selenium-nightwatch"
      }
    },
    "packages": {
      "iron-router": {
        "git": "https://github.com/EventedMind/iron-router.git",
        "tag": "v0.7.1",
        "commit": "d1ffb3f06ea4c112132b030f2eb1a70b81675ecb"
      },
      "roles": {
        "git": "https://github.com/alanning/meteor-roles.git",
        "tag": "v1.2.9",
        "commit": "969b17fac5dfec66b6b12bfce4e37471d1a241d4"
      },
      "autocompletion": {
        "git": "https://github.com/sebdah/meteor-autocompletion.git",
        "tag": "v0.1.4",
        "commit": "821cb4a85d94132edfc26e8f0c2a432c95485e79"
      },
      "spin": {
        "git": "https://github.com/SachaG/meteor-spin.git",
        "tag": "v0.2.2",
        "commit": "3f655f0016228e4195acc784c45d3e3a247dc39f"
      },
      "toastjs": {
        "git": "https://github.com/srackham/toast.js.git",
        "tag": "v2.0.6",
        "commit": "a81915d9df2f432486ac6ce8d6981419119e7007"
      },
      "iron-router-progress": {
        "git": "https://github.com/Multiply/iron-router-progress.git",
        "tag": "v0.4.0",
        "commit": "02f78bdaca4c13d59f548d5a0ce83408c34b56d1"
      },
      "bootstrap-3": {
        "git": "https://github.com/mangasocial/meteor-bootstrap-3.git",
        "tag": "v3.1.1-1",
        "commit": "63dd38968828bb8963636df93e9a1c45e2dfe67e"
      },
      "chartjs": {
        "git": "https://github.com/donskifarrell/meteor-chartjs.git",
        "tag": "v0.0.4",
        "commit": "9d2adcd1de3728c8227e8eb7da0dcb2e0df21d0b"
      },
      "accounts-ui-bootstrap-3-blaze": {
        "git": "https://github.com/MatthiasEckhart/meteor-accounts-ui-bootstrap-3.git",
        "branch": "master",
        "commit": "483632d035f0a1d1b9c9cecb75e3104ec46a69b5"
      },
      "selenium-nightwatch": {
        "path": "packages/selenium-nightwatch"
      },
      "blaze-layout": {
        "git": "https://github.com/EventedMind/blaze-layout.git",
        "tag": "v0.2.4",
        "commit": "b40e9b0612329288d75cf52ad14a7da64bb8618f"
      },
      "jquery-ui": {
        "git": "https://github.com/TimHeckel/meteor-jquery-ui.git",
        "tag": "v1.9.2",
        "commit": "c437d45edcf1367df8d5ffa8bad2867758030bd2"
      }
    }
  }
}
